// !$*UTF8*$!
{
	archiveVersion = 1;
	classes = {
	};
	objectVersion = 48;
	objects = {

/* Begin PBXBuildFile section */
		3B2E8D851FE393ED00CAC1F0 /* AppDelegate.swift in Sources */ = {isa = PBXBuildFile; fileRef = 3B2E8D841FE393ED00CAC1F0 /* AppDelegate.swift */; };
		3B2E8D871FE393ED00CAC1F0 /* SignInVC.swift in Sources */ = {isa = PBXBuildFile; fileRef = 3B2E8D861FE393ED00CAC1F0 /* SignInVC.swift */; };
		3B2E8D8A1FE393ED00CAC1F0 /* Main.storyboard in Resources */ = {isa = PBXBuildFile; fileRef = 3B2E8D881FE393ED00CAC1F0 /* Main.storyboard */; };
		3B2E8D8C1FE393ED00CAC1F0 /* Assets.xcassets in Resources */ = {isa = PBXBuildFile; fileRef = 3B2E8D8B1FE393ED00CAC1F0 /* Assets.xcassets */; };
		3B2E8D8F1FE393ED00CAC1F0 /* LaunchScreen.storyboard in Resources */ = {isa = PBXBuildFile; fileRef = 3B2E8D8D1FE393ED00CAC1F0 /* LaunchScreen.storyboard */; };
		3B2E8D971FE394C200CAC1F0 /* GoogleService-Info.plist in Resources */ = {isa = PBXBuildFile; fileRef = 3B2E8D961FE394C200CAC1F0 /* GoogleService-Info.plist */; };
		8B9242AF84F1C2A4F7F95559 /* Pods_OfficeOurs.framework in Frameworks */ = {isa = PBXBuildFile; fileRef = 03BC06E1AE93CEC5CB0D6D22 /* Pods_OfficeOurs.framework */; };
/* End PBXBuildFile section */

/* Begin PBXFileReference section */
		03BC06E1AE93CEC5CB0D6D22 /* Pods_OfficeOurs.framework */ = {isa = PBXFileReference; explicitFileType = wrapper.framework; includeInIndex = 0; path = Pods_OfficeOurs.framework; sourceTree = BUILT_PRODUCTS_DIR; };
		3B2E8D811FE393ED00CAC1F0 /* OfficeOurs.app */ = {isa = PBXFileReference; explicitFileType = wrapper.application; includeInIndex = 0; path = OfficeOurs.app; sourceTree = BUILT_PRODUCTS_DIR; };
		3B2E8D841FE393ED00CAC1F0 /* AppDelegate.swift */ = {isa = PBXFileReference; lastKnownFileType = sourcecode.swift; path = AppDelegate.swift; sourceTree = "<group>"; };
		3B2E8D861FE393ED00CAC1F0 /* SignInVC.swift */ = {isa = PBXFileReference; lastKnownFileType = sourcecode.swift; path = SignInVC.swift; sourceTree = "<group>"; };
		3B2E8D891FE393ED00CAC1F0 /* Base */ = {isa = PBXFileReference; lastKnownFileType = file.storyboard; name = Base; path = Base.lproj/Main.storyboard; sourceTree = "<group>"; };
		3B2E8D8B1FE393ED00CAC1F0 /* Assets.xcassets */ = {isa = PBXFileReference; lastKnownFileType = folder.assetcatalog; path = Assets.xcassets; sourceTree = "<group>"; };
		3B2E8D8E1FE393ED00CAC1F0 /* Base */ = {isa = PBXFileReference; lastKnownFileType = file.storyboard; name = Base; path = Base.lproj/LaunchScreen.storyboard; sourceTree = "<group>"; };
		3B2E8D901FE393ED00CAC1F0 /* Info.plist */ = {isa = PBXFileReference; lastKnownFileType = text.plist.xml; path = Info.plist; sourceTree = "<group>"; };
		3B2E8D961FE394C200CAC1F0 /* GoogleService-Info.plist */ = {isa = PBXFileReference; fileEncoding = 4; lastKnownFileType = text.plist.xml; path = "GoogleService-Info.plist"; sourceTree = "<group>"; };
		534DEE96805D18FA47EA96E5 /* Pods-OfficeOurs.debug.xcconfig */ = {isa = PBXFileReference; includeInIndex = 1; lastKnownFileType = text.xcconfig; name = "Pods-OfficeOurs.debug.xcconfig"; path = "Pods/Target Support Files/Pods-OfficeOurs/Pods-OfficeOurs.debug.xcconfig"; sourceTree = "<group>"; };
		AD7A97D8814408AD500E152C /* Pods-OfficeOurs.release.xcconfig */ = {isa = PBXFileReference; includeInIndex = 1; lastKnownFileType = text.xcconfig; name = "Pods-OfficeOurs.release.xcconfig"; path = "Pods/Target Support Files/Pods-OfficeOurs/Pods-OfficeOurs.release.xcconfig"; sourceTree = "<group>"; };
/* End PBXFileReference section */

/* Begin PBXFrameworksBuildPhase section */
		3B2E8D7E1FE393ED00CAC1F0 /* Frameworks */ = {
			isa = PBXFrameworksBuildPhase;
			buildActionMask = 2147483647;
			files = (
				8B9242AF84F1C2A4F7F95559 /* Pods_OfficeOurs.framework in Frameworks */,
			);
			runOnlyForDeploymentPostprocessing = 0;
		};
/* End PBXFrameworksBuildPhase section */

/* Begin PBXGroup section */
		3B2E8D781FE393ED00CAC1F0 = {
			isa = PBXGroup;
			children = (
				3B2E8D831FE393ED00CAC1F0 /* OfficeOurs */,
				3B2E8D821FE393ED00CAC1F0 /* Products */,
				BE502459A9932C84AA45D531 /* Pods */,
				5BA4B2412FBBF56835008575 /* Frameworks */,
			);
			sourceTree = "<group>";
		};
		3B2E8D821FE393ED00CAC1F0 /* Products */ = {
			isa = PBXGroup;
			children = (
				3B2E8D811FE393ED00CAC1F0 /* OfficeOurs.app */,
			);
			name = Products;
			sourceTree = "<group>";
		};
		3B2E8D831FE393ED00CAC1F0 /* OfficeOurs */ = {
			isa = PBXGroup;
			children = (
				3B2E8D9A1FE3968900CAC1F0 /* Controller */,
				3B2E8D991FE3968400CAC1F0 /* View */,
				3B2E8D981FE3967E00CAC1F0 /* Model */,
				3B2E8D841FE393ED00CAC1F0 /* AppDelegate.swift */,
				3B2E8D881FE393ED00CAC1F0 /* Main.storyboard */,
				3B2E8D8B1FE393ED00CAC1F0 /* Assets.xcassets */,
				3B2E8D8D1FE393ED00CAC1F0 /* LaunchScreen.storyboard */,
				3B2E8D901FE393ED00CAC1F0 /* Info.plist */,
				3B2E8D961FE394C200CAC1F0 /* GoogleService-Info.plist */,
			);
			path = OfficeOurs;
			sourceTree = "<group>";
		};
		3B2E8D981FE3967E00CAC1F0 /* Model */ = {
			isa = PBXGroup;
			children = (
			);
			path = Model;
			sourceTree = "<group>";
		};
		3B2E8D991FE3968400CAC1F0 /* View */ = {
			isa = PBXGroup;
			children = (
			);
			path = View;
			sourceTree = "<group>";
		};
		3B2E8D9A1FE3968900CAC1F0 /* Controller */ = {
			isa = PBXGroup;
			children = (
				3B2E8D861FE393ED00CAC1F0 /* SignInVC.swift */,
			);
			path = Controller;
			sourceTree = "<group>";
		};
		5BA4B2412FBBF56835008575 /* Frameworks */ = {
			isa = PBXGroup;
			children = (
				03BC06E1AE93CEC5CB0D6D22 /* Pods_OfficeOurs.framework */,
			);
			name = Frameworks;
			sourceTree = "<group>";
		};
		BE502459A9932C84AA45D531 /* Pods */ = {
			isa = PBXGroup;
			children = (
				534DEE96805D18FA47EA96E5 /* Pods-OfficeOurs.debug.xcconfig */,
				AD7A97D8814408AD500E152C /* Pods-OfficeOurs.release.xcconfig */,
			);
			name = Pods;
			sourceTree = "<group>";
		};
/* End PBXGroup section */

/* Begin PBXNativeTarget section */
		3B2E8D801FE393ED00CAC1F0 /* OfficeOurs */ = {
			isa = PBXNativeTarget;
			buildConfigurationList = 3B2E8D931FE393ED00CAC1F0 /* Build configuration list for PBXNativeTarget "OfficeOurs" */;
			buildPhases = (
				AE335041634F3CC8AA13102C /* [CP] Check Pods Manifest.lock */,
				3B2E8D7D1FE393ED00CAC1F0 /* Sources */,
				3B2E8D7E1FE393ED00CAC1F0 /* Frameworks */,
				3B2E8D7F1FE393ED00CAC1F0 /* Resources */,
				7D2C4F5AFEA07750308C235C /* [CP] Embed Pods Frameworks */,
				40138939D89055906D6A88CB /* [CP] Copy Pods Resources */,
			);
			buildRules = (
			);
			dependencies = (
			);
			name = OfficeOurs;
			productName = OfficeOurs;
			productReference = 3B2E8D811FE393ED00CAC1F0 /* OfficeOurs.app */;
			productType = "com.apple.product-type.application";
		};
/* End PBXNativeTarget section */

/* Begin PBXProject section */
		3B2E8D791FE393ED00CAC1F0 /* Project object */ = {
			isa = PBXProject;
			attributes = {
				LastSwiftUpdateCheck = 0920;
				LastUpgradeCheck = 0920;
				ORGANIZATIONNAME = "Richard Greenbaum";
				TargetAttributes = {
					3B2E8D801FE393ED00CAC1F0 = {
						CreatedOnToolsVersion = 9.2;
						ProvisioningStyle = Automatic;
					};
				};
			};
			buildConfigurationList = 3B2E8D7C1FE393ED00CAC1F0 /* Build configuration list for PBXProject "OfficeOurs" */;
			compatibilityVersion = "Xcode 8.0";
			developmentRegion = en;
			hasScannedForEncodings = 0;
			knownRegions = (
				en,
				Base,
			);
			mainGroup = 3B2E8D781FE393ED00CAC1F0;
			productRefGroup = 3B2E8D821FE393ED00CAC1F0 /* Products */;
			projectDirPath = "";
			projectRoot = "";
			targets = (
				3B2E8D801FE393ED00CAC1F0 /* OfficeOurs */,
			);
		};
/* End PBXProject section */

/* Begin PBXResourcesBuildPhase section */
		3B2E8D7F1FE393ED00CAC1F0 /* Resources */ = {
			isa = PBXResourcesBuildPhase;
			buildActionMask = 2147483647;
			files = (
				3B2E8D971FE394C200CAC1F0 /* GoogleService-Info.plist in Resources */,
				3B2E8D8F1FE393ED00CAC1F0 /* LaunchScreen.storyboard in Resources */,
				3B2E8D8C1FE393ED00CAC1F0 /* Assets.xcassets in Resources */,
				3B2E8D8A1FE393ED00CAC1F0 /* Main.storyboard in Resources */,
			);
			runOnlyForDeploymentPostprocessing = 0;
		};
/* End PBXResourcesBuildPhase section */

/* Begin PBXShellScriptBuildPhase section */
		40138939D89055906D6A88CB /* [CP] Copy Pods Resources */ = {
			isa = PBXShellScriptBuildPhase;
			buildActionMask = 2147483647;
			files = (
			);
			inputPaths = (
			);
			name = "[CP] Copy Pods Resources";
			outputPaths = (
			);
			runOnlyForDeploymentPostprocessing = 0;
			shellPath = /bin/sh;
			shellScript = "\"${SRCROOT}/Pods/Target Support Files/Pods-OfficeOurs/Pods-OfficeOurs-resources.sh\"\n";
			showEnvVarsInLog = 0;
		};
		7D2C4F5AFEA07750308C235C /* [CP] Embed Pods Frameworks */ = {
			isa = PBXShellScriptBuildPhase;
			buildActionMask = 2147483647;
			files = (
			);
			inputPaths = (
				"${SRCROOT}/Pods/Target Support Files/Pods-OfficeOurs/Pods-OfficeOurs-frameworks.sh",
				"${BUILT_PRODUCTS_DIR}/GTMSessionFetcher/GTMSessionFetcher.framework",
				"${BUILT_PRODUCTS_DIR}/GoogleToolboxForMac/GoogleToolboxForMac.framework",
			);
			name = "[CP] Embed Pods Frameworks";
			outputPaths = (
				"${TARGET_BUILD_DIR}/${FRAMEWORKS_FOLDER_PATH}/GTMSessionFetcher.framework",
				"${TARGET_BUILD_DIR}/${FRAMEWORKS_FOLDER_PATH}/GoogleToolboxForMac.framework",
			);
			runOnlyForDeploymentPostprocessing = 0;
			shellPath = /bin/sh;
			shellScript = "\"${SRCROOT}/Pods/Target Support Files/Pods-OfficeOurs/Pods-OfficeOurs-frameworks.sh\"\n";
			showEnvVarsInLog = 0;
		};
		AE335041634F3CC8AA13102C /* [CP] Check Pods Manifest.lock */ = {
			isa = PBXShellScriptBuildPhase;
			buildActionMask = 2147483647;
			files = (
			);
			inputPaths = (
				"${PODS_PODFILE_DIR_PATH}/Podfile.lock",
				"${PODS_ROOT}/Manifest.lock",
			);
			name = "[CP] Check Pods Manifest.lock";
			outputPaths = (
				"$(DERIVED_FILE_DIR)/Pods-OfficeOurs-checkManifestLockResult.txt",
			);
			runOnlyForDeploymentPostprocessing = 0;
			shellPath = /bin/sh;
			shellScript = "diff \"${PODS_PODFILE_DIR_PATH}/Podfile.lock\" \"${PODS_ROOT}/Manifest.lock\" > /dev/null\nif [ $? != 0 ] ; then\n    # print error to STDERR\n    echo \"error: The sandbox is not in sync with the Podfile.lock. Run 'pod install' or update your CocoaPods installation.\" >&2\n    exit 1\nfi\n# This output is used by Xcode 'outputs' to avoid re-running this script phase.\necho \"SUCCESS\" > \"${SCRIPT_OUTPUT_FILE_0}\"\n";
			showEnvVarsInLog = 0;
		};
/* End PBXShellScriptBuildPhase section */

/* Begin PBXSourcesBuildPhase section */
		3B2E8D7D1FE393ED00CAC1F0 /* Sources */ = {
			isa = PBXSourcesBuildPhase;
			buildActionMask = 2147483647;
			files = (
				3B2E8D871FE393ED00CAC1F0 /* SignInVC.swift in Sources */,
				3B2E8D851FE393ED00CAC1F0 /* AppDelegate.swift in Sources */,
			);
			runOnlyForDeploymentPostprocessing = 0;
		};
/* End PBXSourcesBuildPhase section */

/* Begin PBXVariantGroup section */
		3B2E8D881FE393ED00CAC1F0 /* Main.storyboard */ = {
			isa = PBXVariantGroup;
			children = (
				3B2E8D891FE393ED00CAC1F0 /* Base */,
			);
			name = Main.storyboard;
			sourceTree = "<group>";
		};
		3B2E8D8D1FE393ED00CAC1F0 /* LaunchScreen.storyboard */ = {
			isa = PBXVariantGroup;
			children = (
				3B2E8D8E1FE393ED00CAC1F0 /* Base */,
			);
			name = LaunchScreen.storyboard;
			sourceTree = "<group>";
		};
/* End PBXVariantGroup section */

/* Begin XCBuildConfiguration section */
		3B2E8D911FE393ED00CAC1F0 /* Debug */ = {
			isa = XCBuildConfiguration;
			buildSettings = {
				ALWAYS_SEARCH_USER_PATHS = NO;
				CLANG_ANALYZER_NONNULL = YES;
				CLANG_ANALYZER_NUMBER_OBJECT_CONVERSION = YES_AGGRESSIVE;
				CLANG_CXX_LANGUAGE_STANDARD = "gnu++14";
				CLANG_CXX_LIBRARY = "libc++";
				CLANG_ENABLE_MODULES = YES;
				CLANG_ENABLE_OBJC_ARC = YES;
				CLANG_WARN_BLOCK_CAPTURE_AUTORELEASING = YES;
				CLANG_WARN_BOOL_CONVERSION = YES;
				CLANG_WARN_COMMA = YES;
				CLANG_WARN_CONSTANT_CONVERSION = YES;
				CLANG_WARN_DIRECT_OBJC_ISA_USAGE = YES_ERROR;
				CLANG_WARN_DOCUMENTATION_COMMENTS = YES;
				CLANG_WARN_EMPTY_BODY = YES;
				CLANG_WARN_ENUM_CONVERSION = YES;
				CLANG_WARN_INFINITE_RECURSION = YES;
				CLANG_WARN_INT_CONVERSION = YES;
				CLANG_WARN_NON_LITERAL_NULL_CONVERSION = YES;
				CLANG_WARN_OBJC_LITERAL_CONVERSION = YES;
				CLANG_WARN_OBJC_ROOT_CLASS = YES_ERROR;
				CLANG_WARN_RANGE_LOOP_ANALYSIS = YES;
				CLANG_WARN_STRICT_PROTOTYPES = YES;
				CLANG_WARN_SUSPICIOUS_MOVE = YES;
				CLANG_WARN_UNGUARDED_AVAILABILITY = YES_AGGRESSIVE;
				CLANG_WARN_UNREACHABLE_CODE = YES;
				CLANG_WARN__DUPLICATE_METHOD_MATCH = YES;
				CODE_SIGN_IDENTITY = "iPhone Developer";
				COPY_PHASE_STRIP = NO;
				DEBUG_INFORMATION_FORMAT = dwarf;
				ENABLE_STRICT_OBJC_MSGSEND = YES;
				ENABLE_TESTABILITY = YES;
				GCC_C_LANGUAGE_STANDARD = gnu11;
				GCC_DYNAMIC_NO_PIC = NO;
				GCC_NO_COMMON_BLOCKS = YES;
				GCC_OPTIMIZATION_LEVEL = 0;
				GCC_PREPROCESSOR_DEFINITIONS = (
					"DEBUG=1",
					"$(inherited)",
				);
				GCC_WARN_64_TO_32_BIT_CONVERSION = YES;
				GCC_WARN_ABOUT_RETURN_TYPE = YES_ERROR;
				GCC_WARN_UNDECLARED_SELECTOR = YES;
				GCC_WARN_UNINITIALIZED_AUTOS = YES_AGGRESSIVE;
				GCC_WARN_UNUSED_FUNCTION = YES;
				GCC_WARN_UNUSED_VARIABLE = YES;
				IPHONEOS_DEPLOYMENT_TARGET = 11.2;
				MTL_ENABLE_DEBUG_INFO = YES;
				ONLY_ACTIVE_ARCH = YES;
				SDKROOT = iphoneos;
				SWIFT_ACTIVE_COMPILATION_CONDITIONS = DEBUG;
				SWIFT_OPTIMIZATION_LEVEL = "-Onone";
			};
			name = Debug;
		};
		3B2E8D921FE393ED00CAC1F0 /* Release */ = {
			isa = XCBuildConfiguration;
			buildSettings = {
				ALWAYS_SEARCH_USER_PATHS = NO;
				CLANG_ANALYZER_NONNULL = YES;
				CLANG_ANALYZER_NUMBER_OBJECT_CONVERSION = YES_AGGRESSIVE;
				CLANG_CXX_LANGUAGE_STANDARD = "gnu++14";
				CLANG_CXX_LIBRARY = "libc++";
				CLANG_ENABLE_MODULES = YES;
				CLANG_ENABLE_OBJC_ARC = YES;
				CLANG_WARN_BLOCK_CAPTURE_AUTORELEASING = YES;
				CLANG_WARN_BOOL_CONVERSION = YES;
				CLANG_WARN_COMMA = YES;
				CLANG_WARN_CONSTANT_CONVERSION = YES;
				CLANG_WARN_DIRECT_OBJC_ISA_USAGE = YES_ERROR;
				CLANG_WARN_DOCUMENTATION_COMMENTS = YES;
				CLANG_WARN_EMPTY_BODY = YES;
				CLANG_WARN_ENUM_CONVERSION = YES;
				CLANG_WARN_INFINITE_RECURSION = YES;
				CLANG_WARN_INT_CONVERSION = YES;
				CLANG_WARN_NON_LITERAL_NULL_CONVERSION = YES;
				CLANG_WARN_OBJC_LITERAL_CONVERSION = YES;
				CLANG_WARN_OBJC_ROOT_CLASS = YES_ERROR;
				CLANG_WARN_RANGE_LOOP_ANALYSIS = YES;
				CLANG_WARN_STRICT_PROTOTYPES = YES;
				CLANG_WARN_SUSPICIOUS_MOVE = YES;
				CLANG_WARN_UNGUARDED_AVAILABILITY = YES_AGGRESSIVE;
				CLANG_WARN_UNREACHABLE_CODE = YES;
				CLANG_WARN__DUPLICATE_METHOD_MATCH = YES;
				CODE_SIGN_IDENTITY = "iPhone Developer";
				COPY_PHASE_STRIP = NO;
				DEBUG_INFORMATION_FORMAT = "dwarf-with-dsym";
				ENABLE_NS_ASSERTIONS = NO;
				ENABLE_STRICT_OBJC_MSGSEND = YES;
				GCC_C_LANGUAGE_STANDARD = gnu11;
				GCC_NO_COMMON_BLOCKS = YES;
				GCC_WARN_64_TO_32_BIT_CONVERSION = YES;
				GCC_WARN_ABOUT_RETURN_TYPE = YES_ERROR;
				GCC_WARN_UNDECLARED_SELECTOR = YES;
				GCC_WARN_UNINITIALIZED_AUTOS = YES_AGGRESSIVE;
				GCC_WARN_UNUSED_FUNCTION = YES;
				GCC_WARN_UNUSED_VARIABLE = YES;
				IPHONEOS_DEPLOYMENT_TARGET = 11.2;
				MTL_ENABLE_DEBUG_INFO = NO;
				SDKROOT = iphoneos;
				SWIFT_OPTIMIZATION_LEVEL = "-Owholemodule";
				VALIDATE_PRODUCT = YES;
			};
			name = Release;
		};
		3B2E8D941FE393ED00CAC1F0 /* Debug */ = {
			isa = XCBuildConfiguration;
			baseConfigurationReference = 534DEE96805D18FA47EA96E5 /* Pods-OfficeOurs.debug.xcconfig */;
			buildSettings = {
				ASSETCATALOG_COMPILER_APPICON_NAME = AppIcon;
				CODE_SIGN_STYLE = Automatic;
				DEVELOPMENT_TEAM = 92VE9S4UL3;
				INFOPLIST_FILE = OfficeOurs/Info.plist;
				LD_RUNPATH_SEARCH_PATHS = "$(inherited) @executable_path/Frameworks";
				PRODUCT_BUNDLE_IDENTIFIER = BigRed.OfficeOurs;
				PRODUCT_NAME = "$(TARGET_NAME)";
				SWIFT_VERSION = 4.0;
				TARGETED_DEVICE_FAMILY = "1,2";
			};
			name = Debug;
		};
		3B2E8D951FE393ED00CAC1F0 /* Release */ = {
			isa = XCBuildConfiguration;
			baseConfigurationReference = AD7A97D8814408AD500E152C /* Pods-OfficeOurs.release.xcconfig */;
			buildSettings = {
				ASSETCATALOG_COMPILER_APPICON_NAME = AppIcon;
				CODE_SIGN_STYLE = Automatic;
				DEVELOPMENT_TEAM = 92VE9S4UL3;
				INFOPLIST_FILE = OfficeOurs/Info.plist;
				LD_RUNPATH_SEARCH_PATHS = "$(inherited) @executable_path/Frameworks";
				PRODUCT_BUNDLE_IDENTIFIER = BigRed.OfficeOurs;
				PRODUCT_NAME = "$(TARGET_NAME)";
				SWIFT_VERSION = 4.0;
				TARGETED_DEVICE_FAMILY = "1,2";
			};
			name = Release;
		};
/* End XCBuildConfiguration section */

/* Begin XCConfigurationList section */
		3B2E8D7C1FE393ED00CAC1F0 /* Build configuration list for PBXProject "OfficeOurs" */ = {
			isa = XCConfigurationList;
			buildConfigurations = (
				3B2E8D911FE393ED00CAC1F0 /* Debug */,
				3B2E8D921FE393ED00CAC1F0 /* Release */,
			);
			defaultConfigurationIsVisible = 0;
			defaultConfigurationName = Release;
		};
		3B2E8D931FE393ED00CAC1F0 /* Build configuration list for PBXNativeTarget "OfficeOurs" */ = {
			isa = XCConfigurationList;
			buildConfigurations = (
				3B2E8D941FE393ED00CAC1F0 /* Debug */,
				3B2E8D951FE393ED00CAC1F0 /* Release */,
			);
			defaultConfigurationIsVisible = 0;
			defaultConfigurationName = Release;
		};
/* End XCConfigurationList section */
	};
	rootObject = 3B2E8D791FE393ED00CAC1F0 /* Project object */;
}
